
Microsoft Visual Studio Solution File, Format Version 12.00
# Visual Studio Version 16
VisualStudioVersion = 16.0.30002.166
MinimumVisualStudioVersion = 10.0.40219.1
Project("{FAE04EC0-301F-11D3-BF4B-00C04F79EFBC}") = "Kye", "Kye.csproj", "{7E35C20A-8872-42EE-99EE-855EC260DA57}"
EndProject
Global
	GlobalSection(SolutionConfigurationPlatforms) = preSolution
		Debug|Any CPU = Debug|Any CPU
		Release|Any CPU = Release|Any CPU
	EndGlobalSection
	GlobalSection(ProjectConfigurationPlatforms) = postSolution
		{7E35C20A-8872-42EE-99EE-855EC260DA57}.Debug|Any CPU.ActiveCfg = Debug|Any CPU
		{7E35C20A-8872-42EE-99EE-855EC260DA57}.Debug|Any CPU.Build.0 = Debug|Any CPU
		{7E35C20A-8872-42EE-99EE-855EC260DA57}.Release|Any CPU.ActiveCfg = Release|Any CPU
		{7E35C20A-8872-42EE-99EE-855EC260DA57}.Release|Any CPU.Build.0 = Release|Any CPU
	EndGlobalSection
	GlobalSection(SolutionProperties) = preSolution
		HideSolutionNode = FALSE
	EndGlobalSection
	GlobalSection(ExtensibilityGlobals) = postSolution
		SolutionGuid = {28F96139-7456-4ADC-A330-DE60113B9DE9}
	EndGlobalSection
EndGlobal
